// !$*UTF8*$!
{
	archiveVersion = 1;
	classes = {
	};
	objectVersion = 46;
	objects = {

/* Begin PBXBuildFile section */
		A894991519FE564D00327F12 /* AppDelegate.swift in Sources */ = {isa = PBXBuildFile; fileRef = A894991419FE564D00327F12 /* AppDelegate.swift */; };
		A894991A19FE564D00327F12 /* Main.storyboard in Resources */ = {isa = PBXBuildFile; fileRef = A894991819FE564D00327F12 /* Main.storyboard */; };
		A894991C19FE564D00327F12 /* Images.xcassets in Resources */ = {isa = PBXBuildFile; fileRef = A894991B19FE564D00327F12 /* Images.xcassets */; };
		A894991F19FE564D00327F12 /* LaunchScreen.xib in Resources */ = {isa = PBXBuildFile; fileRef = A894991D19FE564D00327F12 /* LaunchScreen.xib */; };
		A894992B19FE564D00327F12 /* VideoPlayerSwiftTests.swift in Sources */ = {isa = PBXBuildFile; fileRef = A894992A19FE564D00327F12 /* VideoPlayerSwiftTests.swift */; };
		A894993519FE567000327F12 /* VideoPlayer.swift in Sources */ = {isa = PBXBuildFile; fileRef = A894993419FE567000327F12 /* VideoPlayer.swift */; };
		A894993719FE570400327F12 /* MediaPlayer.framework in Frameworks */ = {isa = PBXBuildFile; fileRef = A894993619FE570400327F12 /* MediaPlayer.framework */; };
		A894993919FE57C200327F12 /* sample.mp4 in Resources */ = {isa = PBXBuildFile; fileRef = A894993819FE57C200327F12 /* sample.mp4 */; };
/* End PBXBuildFile section */

/* Begin PBXContainerItemProxy section */
		A894992519FE564D00327F12 /* PBXContainerItemProxy */ = {
			isa = PBXContainerItemProxy;
			containerPortal = A894990719FE564D00327F12 /* Project object */;
			proxyType = 1;
			remoteGlobalIDString = A894990E19FE564D00327F12;
			remoteInfo = VideoPlayerSwift;
		};
/* End PBXContainerItemProxy section */

/* Begin PBXFileReference section */
		A894990F19FE564D00327F12 /* VideoPlayerSwift.app */ = {isa = PBXFileReference; explicitFileType = wrapper.application; includeInIndex = 0; path = VideoPlayerSwift.app; sourceTree = BUILT_PRODUCTS_DIR; };
		A894991319FE564D00327F12 /* Info.plist */ = {isa = PBXFileReference; lastKnownFileType = text.plist.xml; path = Info.plist; sourceTree = "<group>"; };
		A894991419FE564D00327F12 /* AppDelegate.swift */ = {isa = PBXFileReference; lastKnownFileType = sourcecode.swift; path = AppDelegate.swift; sourceTree = "<group>"; };
		A894991919FE564D00327F12 /* Base */ = {isa = PBXFileReference; lastKnownFileType = file.storyboard; name = Base; path = Base.lproj/Main.storyboard; sourceTree = "<group>"; };
		A894991B19FE564D00327F12 /* Images.xcassets */ = {isa = PBXFileReference; lastKnownFileType = folder.assetcatalog; path = Images.xcassets; sourceTree = "<group>"; };
		A894991E19FE564D00327F12 /* Base */ = {isa = PBXFileReference; lastKnownFileType = file.xib; name = Base; path = Base.lproj/LaunchScreen.xib; sourceTree = "<group>"; };
		A894992419FE564D00327F12 /* VideoPlayerSwiftTests.xctest */ = {isa = PBXFileReference; explicitFileType = wrapper.cfbundle; includeInIndex = 0; path = VideoPlayerSwiftTests.xctest; sourceTree = BUILT_PRODUCTS_DIR; };
		A894992919FE564D00327F12 /* Info.plist */ = {isa = PBXFileReference; lastKnownFileType = text.plist.xml; path = Info.plist; sourceTree = "<group>"; };
		A894992A19FE564D00327F12 /* VideoPlayerSwiftTests.swift */ = {isa = PBXFileReference; lastKnownFileType = sourcecode.swift; path = VideoPlayerSwiftTests.swift; sourceTree = "<group>"; };
		A894993419FE567000327F12 /* VideoPlayer.swift */ = {isa = PBXFileReference; fileEncoding = 4; lastKnownFileType = sourcecode.swift; name = VideoPlayer.swift; path = ../VideoPlayer.swift; sourceTree = "<group>"; };
		A894993619FE570400327F12 /* MediaPlayer.framework */ = {isa = PBXFileReference; lastKnownFileType = wrapper.framework; name = MediaPlayer.framework; path = System/Library/Frameworks/MediaPlayer.framework; sourceTree = SDKROOT; };
		A894993819FE57C200327F12 /* sample.mp4 */ = {isa = PBXFileReference; lastKnownFileType = file; path = sample.mp4; sourceTree = "<group>"; };
/* End PBXFileReference section */

/* Begin PBXFrameworksBuildPhase section */
		A894990C19FE564D00327F12 /* Frameworks */ = {
			isa = PBXFrameworksBuildPhase;
			buildActionMask = 2147483647;
			files = (
				A894993719FE570400327F12 /* MediaPlayer.framework in Frameworks */,
			);
			runOnlyForDeploymentPostprocessing = 0;
		};
		A894992119FE564D00327F12 /* Frameworks */ = {
			isa = PBXFrameworksBuildPhase;
			buildActionMask = 2147483647;
			files = (
			);
			runOnlyForDeploymentPostprocessing = 0;
		};
/* End PBXFrameworksBuildPhase section */

/* Begin PBXGroup section */
		A894990619FE564D00327F12 = {
			isa = PBXGroup;
			children = (
				A894993619FE570400327F12 /* MediaPlayer.framework */,
				A894991119FE564D00327F12 /* VideoPlayerSwift */,
				A894992719FE564D00327F12 /* VideoPlayerSwiftTests */,
				A894991019FE564D00327F12 /* Products */,
			);
			sourceTree = "<group>";
		};
		A894991019FE564D00327F12 /* Products */ = {
			isa = PBXGroup;
			children = (
				A894990F19FE564D00327F12 /* VideoPlayerSwift.app */,
				A894992419FE564D00327F12 /* VideoPlayerSwiftTests.xctest */,
			);
			name = Products;
			sourceTree = "<group>";
		};
		A894991119FE564D00327F12 /* VideoPlayerSwift */ = {
			isa = PBXGroup;
			children = (
				A894991419FE564D00327F12 /* AppDelegate.swift */,
				A894993819FE57C200327F12 /* sample.mp4 */,
				A894993419FE567000327F12 /* VideoPlayer.swift */,
				A894991819FE564D00327F12 /* Main.storyboard */,
				A894991B19FE564D00327F12 /* Images.xcassets */,
				A894991D19FE564D00327F12 /* LaunchScreen.xib */,
				A894991219FE564D00327F12 /* Supporting Files */,
			);
			path = VideoPlayerSwift;
			sourceTree = "<group>";
		};
		A894991219FE564D00327F12 /* Supporting Files */ = {
			isa = PBXGroup;
			children = (
				A894991319FE564D00327F12 /* Info.plist */,
			);
			name = "Supporting Files";
			sourceTree = "<group>";
		};
		A894992719FE564D00327F12 /* VideoPlayerSwiftTests */ = {
			isa = PBXGroup;
			children = (
				A894992A19FE564D00327F12 /* VideoPlayerSwiftTests.swift */,
				A894992819FE564D00327F12 /* Supporting Files */,
			);
			path = VideoPlayerSwiftTests;
			sourceTree = "<group>";
		};
		A894992819FE564D00327F12 /* Supporting Files */ = {
			isa = PBXGroup;
			children = (
				A894992919FE564D00327F12 /* Info.plist */,
			);
			name = "Supporting Files";
			sourceTree = "<group>";
		};
/* End PBXGroup section */

/* Begin PBXNativeTarget section */
		A894990E19FE564D00327F12 /* VideoPlayerSwift */ = {
			isa = PBXNativeTarget;
			buildConfigurationList = A894992E19FE564D00327F12 /* Build configuration list for PBXNativeTarget "VideoPlayerSwift" */;
			buildPhases = (
				A894990B19FE564D00327F12 /* Sources */,
				A894990C19FE564D00327F12 /* Frameworks */,
				A894990D19FE564D00327F12 /* Resources */,
			);
			buildRules = (
			);
			dependencies = (
			);
			name = VideoPlayerSwift;
			productName = VideoPlayerSwift;
			productReference = A894990F19FE564D00327F12 /* VideoPlayerSwift.app */;
			productType = "com.apple.product-type.application";
		};
		A894992319FE564D00327F12 /* VideoPlayerSwiftTests */ = {
			isa = PBXNativeTarget;
			buildConfigurationList = A894993119FE564D00327F12 /* Build configuration list for PBXNativeTarget "VideoPlayerSwiftTests" */;
			buildPhases = (
				A894992019FE564D00327F12 /* Sources */,
				A894992119FE564D00327F12 /* Frameworks */,
				A894992219FE564D00327F12 /* Resources */,
			);
			buildRules = (
			);
			dependencies = (
				A894992619FE564D00327F12 /* PBXTargetDependency */,
			);
			name = VideoPlayerSwiftTests;
			productName = VideoPlayerSwiftTests;
			productReference = A894992419FE564D00327F12 /* VideoPlayerSwiftTests.xctest */;
			productType = "com.apple.product-type.bundle.unit-test";
		};
/* End PBXNativeTarget section */

/* Begin PBXProject section */
		A894990719FE564D00327F12 /* Project object */ = {
			isa = PBXProject;
			attributes = {
				LastUpgradeCheck = 0600;
				ORGANIZATIONNAME = Paradigmcreatives;
				TargetAttributes = {
					A894990E19FE564D00327F12 = {
						CreatedOnToolsVersion = 6.0;
					};
					A894992319FE564D00327F12 = {
						CreatedOnToolsVersion = 6.0;
						TestTargetID = A894990E19FE564D00327F12;
					};
				};
			};
			buildConfigurationList = A894990A19FE564D00327F12 /* Build configuration list for PBXProject "VideoPlayerSwift" */;
			compatibilityVersion = "Xcode 3.2";
			developmentRegion = English;
			hasScannedForEncodings = 0;
			knownRegions = (
				en,
				Base,
			);
			mainGroup = A894990619FE564D00327F12;
			productRefGroup = A894991019FE564D00327F12 /* Products */;
			projectDirPath = "";
			projectRoot = "";
			targets = (
				A894990E19FE564D00327F12 /* VideoPlayerSwift */,
				A894992319FE564D00327F12 /* VideoPlayerSwiftTests */,
			);
		};
/* End PBXProject section */

/* Begin PBXResourcesBuildPhase section */
		A894990D19FE564D00327F12 /* Resources */ = {
			isa = PBXResourcesBuildPhase;
			buildActionMask = 2147483647;
			files = (
				A894991A19FE564D00327F12 /* Main.storyboard in Resources */,
				A894991F19FE564D00327F12 /* LaunchScreen.xib in Resources */,
				A894993919FE57C200327F12 /* sample.mp4 in Resources */,
				A894991C19FE564D00327F12 /* Images.xcassets in Resources */,
			);
			runOnlyForDeploymentPostprocessing = 0;
		};
		A894992219FE564D00327F12 /* Resources */ = {
			isa = PBXResourcesBuildPhase;
			buildActionMask = 2147483647;
			files = (
			);
			runOnlyForDeploymentPostprocessing = 0;
		};
/* End PBXResourcesBuildPhase section */

/* Begin PBXSourcesBuildPhase section */
		A894990B19FE564D00327F12 /* Sources */ = {
			isa = PBXSourcesBuildPhase;
			buildActionMask = 2147483647;
			files = (
				A894993519FE567000327F12 /* VideoPlayer.swift in Sources */,
				A894991519FE564D00327F12 /* AppDelegate.swift in Sources */,
			);
			runOnlyForDeploymentPostprocessing = 0;
		};
		A894992019FE564D00327F12 /* Sources */ = {
			isa = PBXSourcesBuildPhase;
			buildActionMask = 2147483647;
			files = (
				A894992B19FE564D00327F12 /* VideoPlayerSwiftTests.swift in Sources */,
			);
			runOnlyForDeploymentPostprocessing = 0;
		};
/* End PBXSourcesBuildPhase section */

/* Begin PBXTargetDependency section */
		A894992619FE564D00327F12 /* PBXTargetDependency */ = {
			isa = PBXTargetDependency;
			target = A894990E19FE564D00327F12 /* VideoPlayerSwift */;
			targetProxy = A894992519FE564D00327F12 /* PBXContainerItemProxy */;
		};
/* End PBXTargetDependency section */

/* Begin PBXVariantGroup section */
		A894991819FE564D00327F12 /* Main.storyboard */ = {
			isa = PBXVariantGroup;
			children = (
				A894991919FE564D00327F12 /* Base */,
			);
			name = Main.storyboard;
			sourceTree = "<group>";
		};
		A894991D19FE564D00327F12 /* LaunchScreen.xib */ = {
			isa = PBXVariantGroup;
			children = (
				A894991E19FE564D00327F12 /* Base */,
			);
			name = LaunchScreen.xib;
			sourceTree = "<group>";
		};
/* End PBXVariantGroup section */

/* Begin XCBuildConfiguration section */
		A894992C19FE564D00327F12 /* Debug */ = {
			isa = XCBuildConfiguration;
			buildSettings = {
				ALWAYS_SEARCH_USER_PATHS = NO;
				CLANG_CXX_LANGUAGE_STANDARD = "gnu++0x";
				CLANG_CXX_LIBRARY = "libc++";
				CLANG_ENABLE_MODULES = YES;
				CLANG_ENABLE_OBJC_ARC = YES;
				CLANG_WARN_BOOL_CONVERSION = YES;
				CLANG_WARN_CONSTANT_CONVERSION = YES;
				CLANG_WARN_DIRECT_OBJC_ISA_USAGE = YES_ERROR;
				CLANG_WARN_EMPTY_BODY = YES;
				CLANG_WARN_ENUM_CONVERSION = YES;
				CLANG_WARN_INT_CONVERSION = YES;
				CLANG_WARN_OBJC_ROOT_CLASS = YES_ERROR;
				CLANG_WARN_UNREACHABLE_CODE = YES;
				CLANG_WARN__DUPLICATE_METHOD_MATCH = YES;
				"CODE_SIGN_IDENTITY[sdk=iphoneos*]" = "iPhone Developer";
				COPY_PHASE_STRIP = NO;
				ENABLE_STRICT_OBJC_MSGSEND = YES;
				GCC_C_LANGUAGE_STANDARD = gnu99;
				GCC_DYNAMIC_NO_PIC = NO;
				GCC_OPTIMIZATION_LEVEL = 0;
				GCC_PREPROCESSOR_DEFINITIONS = (
					"DEBUG=1",
					"$(inherited)",
				);
				GCC_SYMBOLS_PRIVATE_EXTERN = NO;
				GCC_WARN_64_TO_32_BIT_CONVERSION = YES;
				GCC_WARN_ABOUT_RETURN_TYPE = YES_ERROR;
				GCC_WARN_UNDECLARED_SELECTOR = YES;
				GCC_WARN_UNINITIALIZED_AUTOS = YES_AGGRESSIVE;
				GCC_WARN_UNUSED_FUNCTION = YES;
				GCC_WARN_UNUSED_VARIABLE = YES;
				IPHONEOS_DEPLOYMENT_TARGET = 8.0;
				MTL_ENABLE_DEBUG_INFO = YES;
				ONLY_ACTIVE_ARCH = YES;
				SDKROOT = iphoneos;
				SWIFT_OPTIMIZATION_LEVEL = "-Onone";
				TARGETED_DEVICE_FAMILY = "1,2";
			};
			name = Debug;
		};
		A894992D19FE564D00327F12 /* Release */ = {
			isa = XCBuildConfiguration;
			buildSettings = {
				ALWAYS_SEARCH_USER_PATHS = NO;
				CLANG_CXX_LANGUAGE_STANDARD = "gnu++0x";
				CLANG_CXX_LIBRARY = "libc++";
				CLANG_ENABLE_MODULES = YES;
				CLANG_ENABLE_OBJC_ARC = YES;
				CLANG_WARN_BOOL_CONVERSION = YES;
				CLANG_WARN_CONSTANT_CONVERSION = YES;
				CLANG_WARN_DIRECT_OBJC_ISA_USAGE = YES_ERROR;
				CLANG_WARN_EMPTY_BODY = YES;
				CLANG_WARN_ENUM_CONVERSION = YES;
				CLANG_WARN_INT_CONVERSION = YES;
				CLANG_WARN_OBJC_ROOT_CLASS = YES_ERROR;
				CLANG_WARN_UNREACHABLE_CODE = YES;
				CLANG_WARN__DUPLICATE_METHOD_MATCH = YES;
				"CODE_SIGN_IDENTITY[sdk=iphoneos*]" = "iPhone Developer";
				COPY_PHASE_STRIP = YES;
				ENABLE_NS_ASSERTIONS = NO;
				ENABLE_STRICT_OBJC_MSGSEND = YES;
				GCC_C_LANGUAGE_STANDARD = gnu99;
				GCC_WARN_64_TO_32_BIT_CONVERSION = YES;
				GCC_WARN_ABOUT_RETURN_TYPE = YES_ERROR;
				GCC_WARN_UNDECLARED_SELECTOR = YES;
				GCC_WARN_UNINITIALIZED_AUTOS = YES_AGGRESSIVE;
				GCC_WARN_UNUSED_FUNCTION = YES;
				GCC_WARN_UNUSED_VARIABLE = YES;
				IPHONEOS_DEPLOYMENT_TARGET = 8.0;
				MTL_ENABLE_DEBUG_INFO = NO;
				SDKROOT = iphoneos;
				TARGETED_DEVICE_FAMILY = "1,2";
				VALIDATE_PRODUCT = YES;
			};
			name = Release;
		};
		A894992F19FE564D00327F12 /* Debug */ = {
			isa = XCBuildConfiguration;
			buildSettings = {
				ASSETCATALOG_COMPILER_APPICON_NAME = AppIcon;
				INFOPLIST_FILE = VideoPlayerSwift/Info.plist;
				LD_RUNPATH_SEARCH_PATHS = "$(inherited) @executable_path/Frameworks";
				PRODUCT_NAME = "$(TARGET_NAME)";
			};
			name = Debug;
		};
		A894993019FE564D00327F12 /* Release */ = {
			isa = XCBuildConfiguration;
			buildSettings = {
				ASSETCATALOG_COMPILER_APPICON_NAME = AppIcon;
				INFOPLIST_FILE = VideoPlayerSwift/Info.plist;
				LD_RUNPATH_SEARCH_PATHS = "$(inherited) @executable_path/Frameworks";
				PRODUCT_NAME = "$(TARGET_NAME)";
			};
			name = Release;
		};
		A894993219FE564D00327F12 /* Debug */ = {
			isa = XCBuildConfiguration;
			buildSettings = {
				BUNDLE_LOADER = "$(TEST_HOST)";
				FRAMEWORK_SEARCH_PATHS = (
					"$(SDKROOT)/Developer/Library/Frameworks",
					"$(inherited)",
				);
				GCC_PREPROCESSOR_DEFINITIONS = (
					"DEBUG=1",
					"$(inherited)",
				);
				INFOPLIST_FILE = VideoPlayerSwiftTests/Info.plist;
				LD_RUNPATH_SEARCH_PATHS = "$(inherited) @executable_path/Frameworks @loader_path/Frameworks";
				PRODUCT_NAME = "$(TARGET_NAME)";
				TEST_HOST = "$(BUILT_PRODUCTS_DIR)/VideoPlayerSwift.app/VideoPlayerSwift";
			};
			name = Debug;
		};
		A894993319FE564D00327F12 /* Release */ = {
			isa = XCBuildConfiguration;
			buildSettings = {
				BUNDLE_LOADER = "$(TEST_HOST)";
				FRAMEWORK_SEARCH_PATHS = (
					"$(SDKROOT)/Developer/Library/Frameworks",
					"$(inherited)",
				);
				INFOPLIST_FILE = VideoPlayerSwiftTests/Info.plist;
				LD_RUNPATH_SEARCH_PATHS = "$(inherited) @executable_path/Frameworks @loader_path/Frameworks";
				PRODUCT_NAME = "$(TARGET_NAME)";
				TEST_HOST = "$(BUILT_PRODUCTS_DIR)/VideoPlayerSwift.app/VideoPlayerSwift";
			};
			name = Release;
		};
/* End XCBuildConfiguration section */

/* Begin XCConfigurationList section */
		A894990A19FE564D00327F12 /* Build configuration list for PBXProject "VideoPlayerSwift" */ = {
			isa = XCConfigurationList;
			buildConfigurations = (
				A894992C19FE564D00327F12 /* Debug */,
				A894992D19FE564D00327F12 /* Release */,
			);
			defaultConfigurationIsVisible = 0;
			defaultConfigurationName = Release;
		};
		A894992E19FE564D00327F12 /* Build configuration list for PBXNativeTarget "VideoPlayerSwift" */ = {
			isa = XCConfigurationList;
			buildConfigurations = (
				A894992F19FE564D00327F12 /* Debug */,
				A894993019FE564D00327F12 /* Release */,
			);
			defaultConfigurationIsVisible = 0;
		};
		A894993119FE564D00327F12 /* Build configuration list for PBXNativeTarget "VideoPlayerSwiftTests" */ = {
			isa = XCConfigurationList;
			buildConfigurations = (
				A894993219FE564D00327F12 /* Debug */,
				A894993319FE564D00327F12 /* Release */,
			);
			defaultConfigurationIsVisible = 0;
		};
/* End XCConfigurationList section */
	};
	rootObject = A894990719FE564D00327F12 /* Project object */;
}
